
Microsoft Visual Studio Solution File, Format Version 12.00
# Visual Studio Version 16
VisualStudioVersion = 16.0.29411.138
MinimumVisualStudioVersion = 10.0.40219.1
Project("{FAE04EC0-301F-11D3-BF4B-00C04F79EFBC}") = "Scedulo.Server", "Scedulo\Server\Scedulo.Server.csproj", "{A0F9960B-766F-45E8-8CF8-539AEEFF4D94}"
EndProject
Project("{FAE04EC0-301F-11D3-BF4B-00C04F79EFBC}") = "Scedulo.Client", "Scedulo\Client\Scedulo.Client.csproj", "{100C0E3B-D263-4055-82B4-BD30DD748C59}"
EndProject
Project("{FAE04EC0-301F-11D3-BF4B-00C04F79EFBC}") = "Scedulo.Shared", "Scedulo\Shared\Scedulo.Shared.csproj", "{6EE17089-7D6D-4BE3-865C-707247892CCE}"
EndProject
Global
	GlobalSection(SolutionConfigurationPlatforms) = preSolution
		Debug|Any CPU = Debug|Any CPU
		Release|Any CPU = Release|Any CPU
	EndGlobalSection
	GlobalSection(ProjectConfigurationPlatforms) = postSolution
		{A0F9960B-766F-45E8-8CF8-539AEEFF4D94}.Debug|Any CPU.ActiveCfg = Debug|Any CPU
		{A0F9960B-766F-45E8-8CF8-539AEEFF4D94}.Debug|Any CPU.Build.0 = Debug|Any CPU
		{A0F9960B-766F-45E8-8CF8-539AEEFF4D94}.Release|Any CPU.ActiveCfg = Release|Any CPU
		{A0F9960B-766F-45E8-8CF8-539AEEFF4D94}.Release|Any CPU.Build.0 = Release|Any CPU
		{100C0E3B-D263-4055-82B4-BD30DD748C59}.Debug|Any CPU.ActiveCfg = Debug|Any CPU
		{100C0E3B-D263-4055-82B4-BD30DD748C59}.Debug|Any CPU.Build.0 = Debug|Any CPU
		{100C0E3B-D263-4055-82B4-BD30DD748C59}.Release|Any CPU.ActiveCfg = Release|Any CPU
		{100C0E3B-D263-4055-82B4-BD30DD748C59}.Release|Any CPU.Build.0 = Release|Any CPU
		{6EE17089-7D6D-4BE3-865C-707247892CCE}.Debug|Any CPU.ActiveCfg = Debug|Any CPU
		{6EE17089-7D6D-4BE3-865C-707247892CCE}.Debug|Any CPU.Build.0 = Debug|Any CPU
		{6EE17089-7D6D-4BE3-865C-707247892CCE}.Release|Any CPU.ActiveCfg = Release|Any CPU
		{6EE17089-7D6D-4BE3-865C-707247892CCE}.Release|Any CPU.Build.0 = Release|Any CPU
	EndGlobalSection
	GlobalSection(SolutionProperties) = preSolution
		HideSolutionNode = FALSE
	EndGlobalSection
	GlobalSection(ExtensibilityGlobals) = postSolution
		SolutionGuid = {3326D0BA-355B-4205-96DC-0CD8277B0856}
	EndGlobalSection
EndGlobal
